
Microsoft Visual Studio Solution File, Format Version 12.00
# Visual Studio Version 16
VisualStudioVersion = 16.0.30413.136
MinimumVisualStudioVersion = 10.0.40219.1
Project("{FAE04EC0-301F-11D3-BF4B-00C04F79EFBC}") = "FutureValue", "FutureValue.csproj", "{29E2A700-9169-410E-9FBC-A1FD09726937}"
EndProject
Global
	GlobalSection(SolutionConfigurationPlatforms) = preSolution
		Debug|Any CPU = Debug|Any CPU
		Release|Any CPU = Release|Any CPU
	EndGlobalSection
	GlobalSection(ProjectConfigurationPlatforms) = postSolution
		{29E2A700-9169-410E-9FBC-A1FD09726937}.Debug|Any CPU.ActiveCfg = Debug|Any CPU
		{29E2A700-9169-410E-9FBC-A1FD09726937}.Debug|Any CPU.Build.0 = Debug|Any CPU
		{29E2A700-9169-410E-9FBC-A1FD09726937}.Release|Any CPU.ActiveCfg = Release|Any CPU
		{29E2A700-9169-410E-9FBC-A1FD09726937}.Release|Any CPU.Build.0 = Release|Any CPU
	EndGlobalSection
	GlobalSection(SolutionProperties) = preSolution
		HideSolutionNode = FALSE
	EndGlobalSection
	GlobalSection(ExtensibilityGlobals) = postSolution
		SolutionGuid = {F618EBEF-4DF6-4B6E-A9A3-8188BB71CA68}
	EndGlobalSection
EndGlobal
